
Microsoft Visual Studio Solution File, Format Version 12.00
# Visual Studio 2013
VisualStudioVersion = 12.0.31101.0
MinimumVisualStudioVersion = 10.0.40219.1
Project("{FAE04EC0-301F-11D3-BF4B-00C04F79EFBC}") = "PP.Web", "PP.Web\PP.Web.csproj", "{B1F5C37E-15F6-443B-9451-A6225BC4473F}"
EndProject
Project("{FAE04EC0-301F-11D3-BF4B-00C04F79EFBC}") = "PP.EF", "PP.EF\PP.EF.csproj", "{DB468B92-A389-442F-83FD-B0FD75647D81}"
EndProject
Project("{FAE04EC0-301F-11D3-BF4B-00C04F79EFBC}") = "PP.Core", "PP.Core\PP.Core.csproj", "{C02F2E3C-9AD6-4AD5-B55F-FFF22BA10DBB}"
EndProject
Project("{FAE04EC0-301F-11D3-BF4B-00C04F79EFBC}") = "PP.Core.Data", "PP.Core.Data\PP.Core.Data.csproj", "{603D9C1B-F348-4BA2-8F55-4532CB7AB2DA}"
EndProject
Project("{FAE04EC0-301F-11D3-BF4B-00C04F79EFBC}") = "PP.BL", "PP.BL\PP.BL.csproj", "{1C7F783B-74E0-48FC-8EA9-91335E2F877D}"
EndProject
Project("{FAE04EC0-301F-11D3-BF4B-00C04F79EFBC}") = "PP.ServiceLocation", "PP.ServiceLocation\PP.ServiceLocation.csproj", "{AE24223B-6319-4477-8CAD-33BB4261B8F9}"
EndProject
Project("{FAE04EC0-301F-11D3-BF4B-00C04F79EFBC}") = "PP.Resources", "PP.Resources\PP.Resources.csproj", "{EA5C29AE-2E0A-47D3-B16D-E1DD3F9BE167}"
EndProject
Project("{FAE04EC0-301F-11D3-BF4B-00C04F79EFBC}") = "PP.DAL", "PP.DAL\PP.DAL.csproj", "{7E3DAD5F-0AAD-4448-898F-3E71C84732E9}"
EndProject
Project("{FAE04EC0-301F-11D3-BF4B-00C04F79EFBC}") = "PP.API.Core", "PP.API.Core\PP.API.Core.csproj", "{7845ED4A-C0D7-4688-8DCA-CE38F695E642}"
EndProject
Project("{FAE04EC0-301F-11D3-BF4B-00C04F79EFBC}") = "PP.API", "PP.API\PP.API.csproj", "{0B35262A-3A90-4742-8E07-9856A786BCFA}"
EndProject
Global
	GlobalSection(SolutionConfigurationPlatforms) = preSolution
		Debug|Any CPU = Debug|Any CPU
		Release|Any CPU = Release|Any CPU
	EndGlobalSection
	GlobalSection(ProjectConfigurationPlatforms) = postSolution
		{B1F5C37E-15F6-443B-9451-A6225BC4473F}.Debug|Any CPU.ActiveCfg = Debug|Any CPU
		{B1F5C37E-15F6-443B-9451-A6225BC4473F}.Debug|Any CPU.Build.0 = Debug|Any CPU
		{B1F5C37E-15F6-443B-9451-A6225BC4473F}.Release|Any CPU.ActiveCfg = Release|Any CPU
		{B1F5C37E-15F6-443B-9451-A6225BC4473F}.Release|Any CPU.Build.0 = Release|Any CPU
		{DB468B92-A389-442F-83FD-B0FD75647D81}.Debug|Any CPU.ActiveCfg = Debug|Any CPU
		{DB468B92-A389-442F-83FD-B0FD75647D81}.Debug|Any CPU.Build.0 = Debug|Any CPU
		{DB468B92-A389-442F-83FD-B0FD75647D81}.Release|Any CPU.ActiveCfg = Release|Any CPU
		{DB468B92-A389-442F-83FD-B0FD75647D81}.Release|Any CPU.Build.0 = Release|Any CPU
		{C02F2E3C-9AD6-4AD5-B55F-FFF22BA10DBB}.Debug|Any CPU.ActiveCfg = Debug|Any CPU
		{C02F2E3C-9AD6-4AD5-B55F-FFF22BA10DBB}.Debug|Any CPU.Build.0 = Debug|Any CPU
		{C02F2E3C-9AD6-4AD5-B55F-FFF22BA10DBB}.Release|Any CPU.ActiveCfg = Release|Any CPU
		{C02F2E3C-9AD6-4AD5-B55F-FFF22BA10DBB}.Release|Any CPU.Build.0 = Release|Any CPU
		{603D9C1B-F348-4BA2-8F55-4532CB7AB2DA}.Debug|Any CPU.ActiveCfg = Debug|Any CPU
		{603D9C1B-F348-4BA2-8F55-4532CB7AB2DA}.Debug|Any CPU.Build.0 = Debug|Any CPU
		{603D9C1B-F348-4BA2-8F55-4532CB7AB2DA}.Release|Any CPU.ActiveCfg = Release|Any CPU
		{603D9C1B-F348-4BA2-8F55-4532CB7AB2DA}.Release|Any CPU.Build.0 = Release|Any CPU
		{1C7F783B-74E0-48FC-8EA9-91335E2F877D}.Debug|Any CPU.ActiveCfg = Debug|Any CPU
		{1C7F783B-74E0-48FC-8EA9-91335E2F877D}.Debug|Any CPU.Build.0 = Debug|Any CPU
		{1C7F783B-74E0-48FC-8EA9-91335E2F877D}.Release|Any CPU.ActiveCfg = Release|Any CPU
		{1C7F783B-74E0-48FC-8EA9-91335E2F877D}.Release|Any CPU.Build.0 = Release|Any CPU
		{AE24223B-6319-4477-8CAD-33BB4261B8F9}.Debug|Any CPU.ActiveCfg = Debug|Any CPU
		{AE24223B-6319-4477-8CAD-33BB4261B8F9}.Debug|Any CPU.Build.0 = Debug|Any CPU
		{AE24223B-6319-4477-8CAD-33BB4261B8F9}.Release|Any CPU.ActiveCfg = Release|Any CPU
		{AE24223B-6319-4477-8CAD-33BB4261B8F9}.Release|Any CPU.Build.0 = Release|Any CPU
		{EA5C29AE-2E0A-47D3-B16D-E1DD3F9BE167}.Debug|Any CPU.ActiveCfg = Debug|Any CPU
		{EA5C29AE-2E0A-47D3-B16D-E1DD3F9BE167}.Debug|Any CPU.Build.0 = Debug|Any CPU
		{EA5C29AE-2E0A-47D3-B16D-E1DD3F9BE167}.Release|Any CPU.ActiveCfg = Release|Any CPU
		{EA5C29AE-2E0A-47D3-B16D-E1DD3F9BE167}.Release|Any CPU.Build.0 = Release|Any CPU
		{7E3DAD5F-0AAD-4448-898F-3E71C84732E9}.Debug|Any CPU.ActiveCfg = Debug|Any CPU
		{7E3DAD5F-0AAD-4448-898F-3E71C84732E9}.Debug|Any CPU.Build.0 = Debug|Any CPU
		{7E3DAD5F-0AAD-4448-898F-3E71C84732E9}.Release|Any CPU.ActiveCfg = Release|Any CPU
		{7E3DAD5F-0AAD-4448-898F-3E71C84732E9}.Release|Any CPU.Build.0 = Release|Any CPU
		{7845ED4A-C0D7-4688-8DCA-CE38F695E642}.Debug|Any CPU.ActiveCfg = Debug|Any CPU
		{7845ED4A-C0D7-4688-8DCA-CE38F695E642}.Debug|Any CPU.Build.0 = Debug|Any CPU
		{7845ED4A-C0D7-4688-8DCA-CE38F695E642}.Release|Any CPU.ActiveCfg = Release|Any CPU
		{7845ED4A-C0D7-4688-8DCA-CE38F695E642}.Release|Any CPU.Build.0 = Release|Any CPU
		{0B35262A-3A90-4742-8E07-9856A786BCFA}.Debug|Any CPU.ActiveCfg = Debug|Any CPU
		{0B35262A-3A90-4742-8E07-9856A786BCFA}.Debug|Any CPU.Build.0 = Debug|Any CPU
		{0B35262A-3A90-4742-8E07-9856A786BCFA}.Release|Any CPU.ActiveCfg = Release|Any CPU
		{0B35262A-3A90-4742-8E07-9856A786BCFA}.Release|Any CPU.Build.0 = Release|Any CPU
	EndGlobalSection
	GlobalSection(SolutionProperties) = preSolution
		HideSolutionNode = FALSE
	EndGlobalSection
EndGlobal
